
Microsoft Visual Studio Solution File, Format Version 12.00
# Visual Studio 15
VisualStudioVersion = 15.0.28010.2046
MinimumVisualStudioVersion = 10.0.40219.1
Project("{FAE04EC0-301F-11D3-BF4B-00C04F79EFBC}") = "Models", "Models\Models.csproj", "{57286126-24CE-4A64-8507-C8EF8970839D}"
EndProject
Project("{FAE04EC0-301F-11D3-BF4B-00C04F79EFBC}") = "Database", "Databse\Database.csproj", "{9CD49130-4AE0-4529-95EB-14BA209F09C2}"
EndProject
Project("{FAE04EC0-301F-11D3-BF4B-00C04F79EFBC}") = "Desktop", "Desktop\Desktop.csproj", "{58448487-4678-4E3F-BDD8-DED2146370D8}"
EndProject
Project("{FAE04EC0-301F-11D3-BF4B-00C04F79EFBC}") = "WebAPI", "WebAPI\WebAPI.csproj", "{46914CD6-A05E-4D41-BCBA-7A88B96072C4}"
EndProject
Project("{2150E333-8FDC-42A3-9474-1A3956D46DE8}") = "Scripts", "Scripts", "{9E06D624-96FC-4F33-84E1-D5E299D68513}"
	ProjectSection(SolutionItems) = preProject
		Create.sql = Create.sql
		SQL Model\Relational_1.png = SQL Model\Relational_1.png
	EndProjectSection
EndProject
Global
	GlobalSection(SolutionConfigurationPlatforms) = preSolution
		Debug|Any CPU = Debug|Any CPU
		Debug|ARM = Debug|ARM
		Debug|x64 = Debug|x64
		Debug|x86 = Debug|x86
		Release|Any CPU = Release|Any CPU
		Release|ARM = Release|ARM
		Release|x64 = Release|x64
		Release|x86 = Release|x86
	EndGlobalSection
	GlobalSection(ProjectConfigurationPlatforms) = postSolution
		{57286126-24CE-4A64-8507-C8EF8970839D}.Debug|Any CPU.ActiveCfg = Debug|Any CPU
		{57286126-24CE-4A64-8507-C8EF8970839D}.Debug|Any CPU.Build.0 = Debug|Any CPU
		{57286126-24CE-4A64-8507-C8EF8970839D}.Debug|ARM.ActiveCfg = Debug|Any CPU
		{57286126-24CE-4A64-8507-C8EF8970839D}.Debug|ARM.Build.0 = Debug|Any CPU
		{57286126-24CE-4A64-8507-C8EF8970839D}.Debug|x64.ActiveCfg = Debug|Any CPU
		{57286126-24CE-4A64-8507-C8EF8970839D}.Debug|x64.Build.0 = Debug|Any CPU
		{57286126-24CE-4A64-8507-C8EF8970839D}.Debug|x86.ActiveCfg = Debug|Any CPU
		{57286126-24CE-4A64-8507-C8EF8970839D}.Debug|x86.Build.0 = Debug|Any CPU
		{57286126-24CE-4A64-8507-C8EF8970839D}.Release|Any CPU.ActiveCfg = Release|Any CPU
		{57286126-24CE-4A64-8507-C8EF8970839D}.Release|Any CPU.Build.0 = Release|Any CPU
		{57286126-24CE-4A64-8507-C8EF8970839D}.Release|ARM.ActiveCfg = Release|Any CPU
		{57286126-24CE-4A64-8507-C8EF8970839D}.Release|ARM.Build.0 = Release|Any CPU
		{57286126-24CE-4A64-8507-C8EF8970839D}.Release|x64.ActiveCfg = Release|Any CPU
		{57286126-24CE-4A64-8507-C8EF8970839D}.Release|x64.Build.0 = Release|Any CPU
		{57286126-24CE-4A64-8507-C8EF8970839D}.Release|x86.ActiveCfg = Release|Any CPU
		{57286126-24CE-4A64-8507-C8EF8970839D}.Release|x86.Build.0 = Release|Any CPU
		{9CD49130-4AE0-4529-95EB-14BA209F09C2}.Debug|Any CPU.ActiveCfg = Debug|Any CPU
		{9CD49130-4AE0-4529-95EB-14BA209F09C2}.Debug|Any CPU.Build.0 = Debug|Any CPU
		{9CD49130-4AE0-4529-95EB-14BA209F09C2}.Debug|ARM.ActiveCfg = Debug|Any CPU
		{9CD49130-4AE0-4529-95EB-14BA209F09C2}.Debug|ARM.Build.0 = Debug|Any CPU
		{9CD49130-4AE0-4529-95EB-14BA209F09C2}.Debug|x64.ActiveCfg = Debug|Any CPU
		{9CD49130-4AE0-4529-95EB-14BA209F09C2}.Debug|x64.Build.0 = Debug|Any CPU
		{9CD49130-4AE0-4529-95EB-14BA209F09C2}.Debug|x86.ActiveCfg = Debug|Any CPU
		{9CD49130-4AE0-4529-95EB-14BA209F09C2}.Debug|x86.Build.0 = Debug|Any CPU
		{9CD49130-4AE0-4529-95EB-14BA209F09C2}.Release|Any CPU.ActiveCfg = Release|Any CPU
		{9CD49130-4AE0-4529-95EB-14BA209F09C2}.Release|Any CPU.Build.0 = Release|Any CPU
		{9CD49130-4AE0-4529-95EB-14BA209F09C2}.Release|ARM.ActiveCfg = Release|Any CPU
		{9CD49130-4AE0-4529-95EB-14BA209F09C2}.Release|ARM.Build.0 = Release|Any CPU
		{9CD49130-4AE0-4529-95EB-14BA209F09C2}.Release|x64.ActiveCfg = Release|Any CPU
		{9CD49130-4AE0-4529-95EB-14BA209F09C2}.Release|x64.Build.0 = Release|Any CPU
		{9CD49130-4AE0-4529-95EB-14BA209F09C2}.Release|x86.ActiveCfg = Release|Any CPU
		{9CD49130-4AE0-4529-95EB-14BA209F09C2}.Release|x86.Build.0 = Release|Any CPU
		{58448487-4678-4E3F-BDD8-DED2146370D8}.Debug|Any CPU.ActiveCfg = Debug|Any CPU
		{58448487-4678-4E3F-BDD8-DED2146370D8}.Debug|Any CPU.Build.0 = Debug|Any CPU
		{58448487-4678-4E3F-BDD8-DED2146370D8}.Debug|ARM.ActiveCfg = Debug|Any CPU
		{58448487-4678-4E3F-BDD8-DED2146370D8}.Debug|ARM.Build.0 = Debug|Any CPU
		{58448487-4678-4E3F-BDD8-DED2146370D8}.Debug|x64.ActiveCfg = Debug|Any CPU
		{58448487-4678-4E3F-BDD8-DED2146370D8}.Debug|x64.Build.0 = Debug|Any CPU
		{58448487-4678-4E3F-BDD8-DED2146370D8}.Debug|x86.ActiveCfg = Debug|Any CPU
		{58448487-4678-4E3F-BDD8-DED2146370D8}.Debug|x86.Build.0 = Debug|Any CPU
		{58448487-4678-4E3F-BDD8-DED2146370D8}.Release|Any CPU.ActiveCfg = Release|Any CPU
		{58448487-4678-4E3F-BDD8-DED2146370D8}.Release|Any CPU.Build.0 = Release|Any CPU
		{58448487-4678-4E3F-BDD8-DED2146370D8}.Release|ARM.ActiveCfg = Release|Any CPU
		{58448487-4678-4E3F-BDD8-DED2146370D8}.Release|ARM.Build.0 = Release|Any CPU
		{58448487-4678-4E3F-BDD8-DED2146370D8}.Release|x64.ActiveCfg = Release|Any CPU
		{58448487-4678-4E3F-BDD8-DED2146370D8}.Release|x64.Build.0 = Release|Any CPU
		{58448487-4678-4E3F-BDD8-DED2146370D8}.Release|x86.ActiveCfg = Release|Any CPU
		{58448487-4678-4E3F-BDD8-DED2146370D8}.Release|x86.Build.0 = Release|Any CPU
		{46914CD6-A05E-4D41-BCBA-7A88B96072C4}.Debug|Any CPU.ActiveCfg = Debug|Any CPU
		{46914CD6-A05E-4D41-BCBA-7A88B96072C4}.Debug|Any CPU.Build.0 = Debug|Any CPU
		{46914CD6-A05E-4D41-BCBA-7A88B96072C4}.Debug|ARM.ActiveCfg = Debug|Any CPU
		{46914CD6-A05E-4D41-BCBA-7A88B96072C4}.Debug|ARM.Build.0 = Debug|Any CPU
		{46914CD6-A05E-4D41-BCBA-7A88B96072C4}.Debug|x64.ActiveCfg = Debug|Any CPU
		{46914CD6-A05E-4D41-BCBA-7A88B96072C4}.Debug|x64.Build.0 = Debug|Any CPU
		{46914CD6-A05E-4D41-BCBA-7A88B96072C4}.Debug|x86.ActiveCfg = Debug|Any CPU
		{46914CD6-A05E-4D41-BCBA-7A88B96072C4}.Debug|x86.Build.0 = Debug|Any CPU
		{46914CD6-A05E-4D41-BCBA-7A88B96072C4}.Release|Any CPU.ActiveCfg = Release|Any CPU
		{46914CD6-A05E-4D41-BCBA-7A88B96072C4}.Release|Any CPU.Build.0 = Release|Any CPU
		{46914CD6-A05E-4D41-BCBA-7A88B96072C4}.Release|ARM.ActiveCfg = Release|Any CPU
		{46914CD6-A05E-4D41-BCBA-7A88B96072C4}.Release|ARM.Build.0 = Release|Any CPU
		{46914CD6-A05E-4D41-BCBA-7A88B96072C4}.Release|x64.ActiveCfg = Release|Any CPU
		{46914CD6-A05E-4D41-BCBA-7A88B96072C4}.Release|x64.Build.0 = Release|Any CPU
		{46914CD6-A05E-4D41-BCBA-7A88B96072C4}.Release|x86.ActiveCfg = Release|Any CPU
		{46914CD6-A05E-4D41-BCBA-7A88B96072C4}.Release|x86.Build.0 = Release|Any CPU
	EndGlobalSection
	GlobalSection(SolutionProperties) = preSolution
		HideSolutionNode = FALSE
	EndGlobalSection
	GlobalSection(ExtensibilityGlobals) = postSolution
		SolutionGuid = {5C0BC5AF-535E-4FF3-B7B4-49E605F9600E}
	EndGlobalSection
EndGlobal
